<?xml version="1.0" encoding="utf-8"?>
<Project ToolsVersion="4.0" xmlns="http://schemas.microsoft.com/developer/msbuild/2003">
  <ItemGroup>
    <Filter Include="Source Files">
      <UniqueIdentifier>{4FC737F1-C7A5-4376-A066-2A32D752A2FF}</UniqueIdentifier>
      <Extensions>cpp;c;cc;cxx;def;odl;idl;hpj;bat;asm;asmx</Extensions>
    </Filter>
    <Filter Include="Header Files">
      <UniqueIdentifier>{93995380-89BD-4b04-88EB-625FBE52EBFB}</UniqueIdentifier>
      <Extensions>h;hpp;hxx;hm;inl;inc;xsd</Extensions>
    </Filter>
    <Filter Include="Resource Files">
      <UniqueIdentifier>{67DA6AB6-F800-4c08-8B7A-83BB121AAD01}</UniqueIdentifier>
      <Extensions>rc;ico;cur;bmp;dlg;rc2;rct;bin;rgs;gif;jpg;jpeg;jpe;resx;tiff;tif;png;wav;mfcribbon-ms</Extensions>
    </Filter>
  </ItemGroup>
  <ItemGroup>
    <ClInclude Include="STORM_StorageManager.h">
      <Filter>Header Files</Filter>
    </ClInclude>
    <ClInclude Include="UTILS_hashmap.h">
      <Filter>Header Files</Filter>
    </ClInclude>
    <ClInclude Include="UTILS_hashtable.h">
      <Filter>Header Files</Filter>
    </ClInclude>
    <ClInclude Include="UTILS_misc.h">
      <Filter>Header Files</Filter>
    </ClInclude>
    <ClInclude Include="components.h">
      <Filter>Header Files</Filter>
    </ClInclude>
    <ClInclude Include="INXM.h">
      <Filter>Header Files</Filter>
    </ClInclude>
    <ClInclude Include="INXM_Components.h">
      <Filter>Header Files</Filter>
    </ClInclude>
    <ClInclude Include="INXM_IndexHandle.h">
      <Filter>Header Files</Filter>
    </ClInclude>
    <ClInclude Include="INXM_IndexManager.h">
      <Filter>Header Files</Filter>
    </ClInclude>
    <ClInclude Include="INXM_IndexScan.h">
      <Filter>Header Files</Filter>
    </ClInclude>
    <ClInclude Include="REM.h">
      <Filter>Header Files</Filter>
    </ClInclude>
    <ClInclude Include="REM_Components.h">
      <Filter>Header Files</Filter>
    </ClInclude>
    <ClInclude Include="REM_RecordFileHandle.h">
      <Filter>Header Files</Filter>
    </ClInclude>
    <ClInclude Include="REM_RecordFileManager.h">
      <Filter>Header Files</Filter>
    </ClInclude>
    <ClInclude Include="REM_RecordFileScan.h">
      <Filter>Header Files</Filter>
    </ClInclude>
    <ClInclude Include="REM_RecordHandle.h">
      <Filter>Header Files</Filter>
    </ClInclude>
    <ClInclude Include="REM_RecordID.h">
      <Filter>Header Files</Filter>
    </ClInclude>
    <ClInclude Include="retcodes.h">
      <Filter>Header Files</Filter>
    </ClInclude>
    <ClInclude Include="STORM.h">
      <Filter>Header Files</Filter>
    </ClInclude>
    <ClInclude Include="STORM_BufferManager.h">
      <Filter>Header Files</Filter>
    </ClInclude>
    <ClInclude Include="STORM_FileHandle.h">
      <Filter>Header Files</Filter>
    </ClInclude>
    <ClInclude Include="STORM_Frame.h">
      <Filter>Header Files</Filter>
    </ClInclude>
    <ClInclude Include="STORM_PageHandle.h">
      <Filter>Header Files</Filter>
    </ClInclude>
    <ClInclude Include="STORM_Parameters.h">
      <Filter>Header Files</Filter>
    </ClInclude>
    <ClInclude Include="SYSM.h">
      <Filter>Header Files</Filter>
    </ClInclude>
    <ClInclude Include="SYSM_DatabaseManager.h">
      <Filter>Header Files</Filter>
    </ClInclude>
    <ClInclude Include="SYSM_Metadata.h">
      <Filter>Header Files</Filter>
    </ClInclude>
    <ClInclude Include="SYSM_MetadataManager.h">
      <Filter>Header Files</Filter>
    </ClInclude>
    <ClInclude Include="SSQLM_DDL_Manager.h">
      <Filter>Header Files</Filter>
    </ClInclude>
    <ClInclude Include="SSQLM.h">
      <Filter>Header Files</Filter>
    </ClInclude>
    <ClInclude Include="SSQLM_DML_Manager.h">
      <Filter>Header Files</Filter>
    </ClInclude>
  </ItemGroup>
  <ItemGroup>
    <ClCompile Include="INXM_IndexHandle.cpp">
      <Filter>Source Files</Filter>
    </ClCompile>
    <ClCompile Include="INXM_IndexManager.cpp">
      <Filter>Source Files</Filter>
    </ClCompile>
    <ClCompile Include="INXM_IndexScan.cpp">
      <Filter>Source Files</Filter>
    </ClCompile>
    <ClCompile Include="main.cpp">
      <Filter>Source Files</Filter>
    </ClCompile>
    <ClCompile Include="REM_RecordFileHandle.cpp">
      <Filter>Source Files</Filter>
    </ClCompile>
    <ClCompile Include="REM_RecordFileManager.cpp">
      <Filter>Source Files</Filter>
    </ClCompile>
    <ClCompile Include="REM_RecordFileScan.cpp">
      <Filter>Source Files</Filter>
    </ClCompile>
    <ClCompile Include="REM_RecordHandle.cpp">
      <Filter>Source Files</Filter>
    </ClCompile>
    <ClCompile Include="REM_RecordID.cpp">
      <Filter>Source Files</Filter>
    </ClCompile>
    <ClCompile Include="retcodes.cpp">
      <Filter>Source Files</Filter>
    </ClCompile>
    <ClCompile Include="STORM_BufferManager.cpp">
      <Filter>Source Files</Filter>
    </ClCompile>
    <ClCompile Include="STORM_FileHandle.cpp">
      <Filter>Source Files</Filter>
    </ClCompile>
    <ClCompile Include="STORM_Frame.cpp">
      <Filter>Source Files</Filter>
    </ClCompile>
    <ClCompile Include="STORM_PageHandle.cpp">
      <Filter>Source Files</Filter>
    </ClCompile>
    <ClCompile Include="STORM_StorageManager.cpp">
      <Filter>Source Files</Filter>
    </ClCompile>
    <ClCompile Include="UTILS_misc.cpp">
      <Filter>Source Files</Filter>
    </ClCompile>
    <ClCompile Include="SYSM_DatabaseManager.cpp">
      <Filter>Source Files</Filter>
    </ClCompile>
    <ClCompile Include="SYSM_MetadataManager.cpp">
      <Filter>Source Files</Filter>
    </ClCompile>
    <ClCompile Include="SSQLM_DDL_Manager.cpp">
      <Filter>Source Files</Filter>
    </ClCompile>
    <ClCompile Include="SSQLM_DML_Manager.cpp">
      <Filter>Source Files</Filter>
    </ClCompile>
  </ItemGroup>
</Project>